
Microsoft Visual Studio Solution File, Format Version 11.00
# Visual Studio 2010
Project("{FAE04EC0-301F-11D3-BF4B-00C04F79EFBC}") = "ProjetoFinal", "ProjetoFinal\ProjetoFinal\ProjetoFinal.csproj", "{C91A69A7-AE8C-487A-80A4-1F494877E071}"
EndProject
Project("{FAE04EC0-301F-11D3-BF4B-00C04F79EFBC}") = "ProjetoFinalContent", "ProjetoFinal\ProjetoFinalContent\ProjetoFinalContent.contentproj", "{06323F57-75CA-44EE-9B5F-A4DC8770BA2E}"
EndProject
Project("{FAE04EC0-301F-11D3-BF4B-00C04F79EFBC}") = "OgmoEditorLibrary", "ProjetoFinal\OgmoLibrary\OgmoEditorLibrary.csproj", "{B9D5C634-54A7-4CC3-AF65-AEAC49D07D26}"
EndProject
Project("{FAE04EC0-301F-11D3-BF4B-00C04F79EFBC}") = "OgmoEditorContentPipelineExtension", "ProjetoFinal\OgmoContentPipelineExtension\OgmoEditorContentPipelineExtension.csproj", "{08D12AC1-3785-4290-B712-762B64545C49}"
EndProject
Global
	GlobalSection(SubversionScc) = preSolution
		Svn-Managed = True
		Manager = AnkhSVN - Subversion Support for Visual Studio
	EndGlobalSection
	GlobalSection(SolutionConfigurationPlatforms) = preSolution
		Debug|Any CPU = Debug|Any CPU
		Debug|Mixed Platforms = Debug|Mixed Platforms
		Debug|Windows Phone = Debug|Windows Phone
		Debug|x64 = Debug|x64
		Debug|x86 = Debug|x86
		Release|Any CPU = Release|Any CPU
		Release|Mixed Platforms = Release|Mixed Platforms
		Release|Windows Phone = Release|Windows Phone
		Release|x64 = Release|x64
		Release|x86 = Release|x86
	EndGlobalSection
	GlobalSection(ProjectConfigurationPlatforms) = postSolution
		{C91A69A7-AE8C-487A-80A4-1F494877E071}.Debug|Any CPU.ActiveCfg = Debug|x86
		{C91A69A7-AE8C-487A-80A4-1F494877E071}.Debug|Mixed Platforms.ActiveCfg = Debug|x86
		{C91A69A7-AE8C-487A-80A4-1F494877E071}.Debug|Mixed Platforms.Build.0 = Debug|x86
		{C91A69A7-AE8C-487A-80A4-1F494877E071}.Debug|Windows Phone.ActiveCfg = Debug|x86
		{C91A69A7-AE8C-487A-80A4-1F494877E071}.Debug|x64.ActiveCfg = Debug|x86
		{C91A69A7-AE8C-487A-80A4-1F494877E071}.Debug|x86.ActiveCfg = Debug|x86
		{C91A69A7-AE8C-487A-80A4-1F494877E071}.Debug|x86.Build.0 = Debug|x86
		{C91A69A7-AE8C-487A-80A4-1F494877E071}.Release|Any CPU.ActiveCfg = Release|x86
		{C91A69A7-AE8C-487A-80A4-1F494877E071}.Release|Mixed Platforms.ActiveCfg = Release|x86
		{C91A69A7-AE8C-487A-80A4-1F494877E071}.Release|Mixed Platforms.Build.0 = Release|x86
		{C91A69A7-AE8C-487A-80A4-1F494877E071}.Release|Windows Phone.ActiveCfg = Release|x86
		{C91A69A7-AE8C-487A-80A4-1F494877E071}.Release|x64.ActiveCfg = Release|x86
		{C91A69A7-AE8C-487A-80A4-1F494877E071}.Release|x86.ActiveCfg = Release|x86
		{C91A69A7-AE8C-487A-80A4-1F494877E071}.Release|x86.Build.0 = Release|x86
		{06323F57-75CA-44EE-9B5F-A4DC8770BA2E}.Debug|Any CPU.ActiveCfg = Debug|x86
		{06323F57-75CA-44EE-9B5F-A4DC8770BA2E}.Debug|Mixed Platforms.ActiveCfg = Debug|x86
		{06323F57-75CA-44EE-9B5F-A4DC8770BA2E}.Debug|Windows Phone.ActiveCfg = Debug|x86
		{06323F57-75CA-44EE-9B5F-A4DC8770BA2E}.Debug|x64.ActiveCfg = Debug|x86
		{06323F57-75CA-44EE-9B5F-A4DC8770BA2E}.Debug|x86.ActiveCfg = Debug|x86
		{06323F57-75CA-44EE-9B5F-A4DC8770BA2E}.Release|Any CPU.ActiveCfg = Release|x86
		{06323F57-75CA-44EE-9B5F-A4DC8770BA2E}.Release|Mixed Platforms.ActiveCfg = Release|x86
		{06323F57-75CA-44EE-9B5F-A4DC8770BA2E}.Release|Windows Phone.ActiveCfg = Release|x86
		{06323F57-75CA-44EE-9B5F-A4DC8770BA2E}.Release|x64.ActiveCfg = Release|x86
		{06323F57-75CA-44EE-9B5F-A4DC8770BA2E}.Release|x86.ActiveCfg = Release|x86
		{B9D5C634-54A7-4CC3-AF65-AEAC49D07D26}.Debug|Any CPU.ActiveCfg = Debug|x86
		{B9D5C634-54A7-4CC3-AF65-AEAC49D07D26}.Debug|Mixed Platforms.ActiveCfg = Debug|x86
		{B9D5C634-54A7-4CC3-AF65-AEAC49D07D26}.Debug|Mixed Platforms.Build.0 = Debug|x86
		{B9D5C634-54A7-4CC3-AF65-AEAC49D07D26}.Debug|Windows Phone.ActiveCfg = Debug|x86
		{B9D5C634-54A7-4CC3-AF65-AEAC49D07D26}.Debug|x64.ActiveCfg = Debug|x86
		{B9D5C634-54A7-4CC3-AF65-AEAC49D07D26}.Debug|x86.ActiveCfg = Debug|x86
		{B9D5C634-54A7-4CC3-AF65-AEAC49D07D26}.Debug|x86.Build.0 = Debug|x86
		{B9D5C634-54A7-4CC3-AF65-AEAC49D07D26}.Release|Any CPU.ActiveCfg = Release|x86
		{B9D5C634-54A7-4CC3-AF65-AEAC49D07D26}.Release|Mixed Platforms.ActiveCfg = Release|x86
		{B9D5C634-54A7-4CC3-AF65-AEAC49D07D26}.Release|Mixed Platforms.Build.0 = Release|x86
		{B9D5C634-54A7-4CC3-AF65-AEAC49D07D26}.Release|Windows Phone.ActiveCfg = Release|x86
		{B9D5C634-54A7-4CC3-AF65-AEAC49D07D26}.Release|x64.ActiveCfg = Release|x86
		{B9D5C634-54A7-4CC3-AF65-AEAC49D07D26}.Release|x86.ActiveCfg = Release|x86
		{B9D5C634-54A7-4CC3-AF65-AEAC49D07D26}.Release|x86.Build.0 = Release|x86
		{08D12AC1-3785-4290-B712-762B64545C49}.Debug|Any CPU.ActiveCfg = Debug|x86
		{08D12AC1-3785-4290-B712-762B64545C49}.Debug|Any CPU.Build.0 = Debug|x86
		{08D12AC1-3785-4290-B712-762B64545C49}.Debug|Mixed Platforms.ActiveCfg = Debug|x86
		{08D12AC1-3785-4290-B712-762B64545C49}.Debug|Mixed Platforms.Build.0 = Debug|x86
		{08D12AC1-3785-4290-B712-762B64545C49}.Debug|Windows Phone.ActiveCfg = Debug|x86
		{08D12AC1-3785-4290-B712-762B64545C49}.Debug|Windows Phone.Build.0 = Debug|x86
		{08D12AC1-3785-4290-B712-762B64545C49}.Debug|x64.ActiveCfg = Debug|x86
		{08D12AC1-3785-4290-B712-762B64545C49}.Debug|x64.Build.0 = Debug|x86
		{08D12AC1-3785-4290-B712-762B64545C49}.Debug|x86.ActiveCfg = Debug|x86
		{08D12AC1-3785-4290-B712-762B64545C49}.Debug|x86.Build.0 = Debug|x86
		{08D12AC1-3785-4290-B712-762B64545C49}.Release|Any CPU.ActiveCfg = Debug|x86
		{08D12AC1-3785-4290-B712-762B64545C49}.Release|Any CPU.Build.0 = Debug|x86
		{08D12AC1-3785-4290-B712-762B64545C49}.Release|Mixed Platforms.ActiveCfg = Debug|x86
		{08D12AC1-3785-4290-B712-762B64545C49}.Release|Mixed Platforms.Build.0 = Debug|x86
		{08D12AC1-3785-4290-B712-762B64545C49}.Release|Windows Phone.ActiveCfg = Debug|x86
		{08D12AC1-3785-4290-B712-762B64545C49}.Release|Windows Phone.Build.0 = Debug|x86
		{08D12AC1-3785-4290-B712-762B64545C49}.Release|x64.ActiveCfg = Debug|x86
		{08D12AC1-3785-4290-B712-762B64545C49}.Release|x64.Build.0 = Debug|x86
		{08D12AC1-3785-4290-B712-762B64545C49}.Release|x86.ActiveCfg = Debug|x86
		{08D12AC1-3785-4290-B712-762B64545C49}.Release|x86.Build.0 = Debug|x86
	EndGlobalSection
	GlobalSection(SolutionProperties) = preSolution
		HideSolutionNode = FALSE
	EndGlobalSection
EndGlobal
